// !$*UTF8*$!
{
	archiveVersion = 1;
	classes = {
	};
	objectVersion = 46;
	objects = {

/* Begin PBXBuildFile section */
		32560F5E1A9DDD3E00C92485 /* DataImportDriverInterface.cpp in Sources */ = {isa = PBXBuildFile; fileRef = 32560F5C1A9DDD3E00C92485 /* DataImportDriverInterface.cpp */; };
		32560F621A9DE2D800C92485 /* MemcachedDataImporterDriver.cpp in Sources */ = {isa = PBXBuildFile; fileRef = 32560F601A9DE2D800C92485 /* MemcachedDataImporterDriver.cpp */; };
		32A40D4E1A9DDB0B000D9A35 /* DataImport.cpp in Sources */ = {isa = PBXBuildFile; fileRef = 32A40D4A1A9DDB0B000D9A35 /* DataImport.cpp */; };
		32A40D4F1A9DDB0B000D9A35 /* AbstractDataImportDriver.cpp in Sources */ = {isa = PBXBuildFile; fileRef = 32A40D4C1A9DDB0B000D9A35 /* AbstractDataImportDriver.cpp */; };
		32FB20021A2E365400307A86 /* main.cpp in Sources */ = {isa = PBXBuildFile; fileRef = 32C9763417D494D400F76D3F /* main.cpp */; };
/* End PBXBuildFile section */

/* Begin PBXCopyFilesBuildPhase section */
		32C9764817D4955400F76D3F /* CopyFiles */ = {
			isa = PBXCopyFilesBuildPhase;
			buildActionMask = 2147483647;
			dstPath = /usr/share/man/man1/;
			dstSubfolderSpec = 0;
			files = (
			);
			runOnlyForDeploymentPostprocessing = 1;
		};
/* End PBXCopyFilesBuildPhase section */

/* Begin PBXFileReference section */
		32425A751A9DE477007E7E48 /* CMakeLists.txt */ = {isa = PBXFileReference; lastKnownFileType = text; path = CMakeLists.txt; sourceTree = "<group>"; };
		32560F5C1A9DDD3E00C92485 /* DataImportDriverInterface.cpp */ = {isa = PBXFileReference; fileEncoding = 4; lastKnownFileType = sourcecode.cpp.cpp; path = DataImportDriverInterface.cpp; sourceTree = "<group>"; };
		32560F5D1A9DDD3E00C92485 /* DataImportDriverInterface.h */ = {isa = PBXFileReference; fileEncoding = 4; lastKnownFileType = sourcecode.c.h; path = DataImportDriverInterface.h; sourceTree = "<group>"; };
		32560F601A9DE2D800C92485 /* MemcachedDataImporterDriver.cpp */ = {isa = PBXFileReference; fileEncoding = 4; lastKnownFileType = sourcecode.cpp.cpp; path = MemcachedDataImporterDriver.cpp; sourceTree = "<group>"; };
		32560F611A9DE2D800C92485 /* MemcachedDataImporterDriver.h */ = {isa = PBXFileReference; fileEncoding = 4; lastKnownFileType = sourcecode.c.h; path = MemcachedDataImporterDriver.h; sourceTree = "<group>"; };
		32A40D4A1A9DDB0B000D9A35 /* DataImport.cpp */ = {isa = PBXFileReference; fileEncoding = 4; lastKnownFileType = sourcecode.cpp.cpp; path = DataImport.cpp; sourceTree = "<group>"; };
		32A40D4B1A9DDB0B000D9A35 /* DataImport.h */ = {isa = PBXFileReference; fileEncoding = 4; lastKnownFileType = sourcecode.c.h; path = DataImport.h; sourceTree = "<group>"; };
		32A40D4C1A9DDB0B000D9A35 /* AbstractDataImportDriver.cpp */ = {isa = PBXFileReference; fileEncoding = 4; lastKnownFileType = sourcecode.cpp.cpp; path = AbstractDataImportDriver.cpp; sourceTree = "<group>"; };
		32A40D4D1A9DDB0B000D9A35 /* AbstractDataImportDriver.h */ = {isa = PBXFileReference; fileEncoding = 4; lastKnownFileType = sourcecode.c.h; path = AbstractDataImportDriver.h; sourceTree = "<group>"; };
		32C9763417D494D400F76D3F /* main.cpp */ = {isa = PBXFileReference; fileEncoding = 4; lastKnownFileType = sourcecode.cpp.cpp; path = main.cpp; sourceTree = "<group>"; };
		32C9764A17D4955400F76D3F /* data_import */ = {isa = PBXFileReference; explicitFileType = "compiled.mach-o.executable"; includeInIndex = 0; path = data_import; sourceTree = BUILT_PRODUCTS_DIR; };
/* End PBXFileReference section */

/* Begin PBXFrameworksBuildPhase section */
		32C9764717D4955400F76D3F /* Frameworks */ = {
			isa = PBXFrameworksBuildPhase;
			buildActionMask = 2147483647;
			files = (
			);
			runOnlyForDeploymentPostprocessing = 0;
		};
/* End PBXFrameworksBuildPhase section */

/* Begin PBXGroup section */
		32560F5F1A9DDED200C92485 /* models */ = {
			isa = PBXGroup;
			children = (
				32560F601A9DE2D800C92485 /* MemcachedDataImporterDriver.cpp */,
				32560F611A9DE2D800C92485 /* MemcachedDataImporterDriver.h */,
			);
			path = models;
			sourceTree = "<group>";
		};
		32A40D491A9DDAB3000D9A35 /* core */ = {
			isa = PBXGroup;
			children = (
				32A40D4A1A9DDB0B000D9A35 /* DataImport.cpp */,
				32A40D4B1A9DDB0B000D9A35 /* DataImport.h */,
				32A40D4C1A9DDB0B000D9A35 /* AbstractDataImportDriver.cpp */,
				32A40D4D1A9DDB0B000D9A35 /* AbstractDataImportDriver.h */,
				32560F5C1A9DDD3E00C92485 /* DataImportDriverInterface.cpp */,
				32560F5D1A9DDD3E00C92485 /* DataImportDriverInterface.h */,
			);
			path = core;
			sourceTree = "<group>";
		};
		32C9764B17D4955400F76D3F /* Products */ = {
			isa = PBXGroup;
			children = (
				32C9764A17D4955400F76D3F /* data_import */,
			);
			name = Products;
			sourceTree = "<group>";
		};
		32D531E217D4877E00BE1040 = {
			isa = PBXGroup;
			children = (
				32425A751A9DE477007E7E48 /* CMakeLists.txt */,
				32D531E817D4877E00BE1040 /* source */,
				32560F5F1A9DDED200C92485 /* models */,
				32A40D491A9DDAB3000D9A35 /* core */,
				32C9764B17D4955400F76D3F /* Products */,
			);
			sourceTree = "<group>";
		};
		32D531E817D4877E00BE1040 /* source */ = {
			isa = PBXGroup;
			children = (
				32C9763417D494D400F76D3F /* main.cpp */,
			);
			path = source;
			sourceTree = "<group>";
		};
/* End PBXGroup section */

/* Begin PBXNativeTarget section */
		32C9764917D4955400F76D3F /* data_import */ = {
			isa = PBXNativeTarget;
			buildConfigurationList = 32C9765117D4955400F76D3F /* Build configuration list for PBXNativeTarget "data_import" */;
			buildPhases = (
				32C9764617D4955400F76D3F /* Sources */,
				32C9764717D4955400F76D3F /* Frameworks */,
				32C9764817D4955400F76D3F /* CopyFiles */,
			);
			buildRules = (
			);
			dependencies = (
			);
			name = data_import;
			productName = DataImport;
			productReference = 32C9764A17D4955400F76D3F /* data_import */;
			productType = "com.apple.product-type.tool";
		};
/* End PBXNativeTarget section */

/* Begin PBXProject section */
		32D531E317D4877E00BE1040 /* Project object */ = {
			isa = PBXProject;
			attributes = {
				LastUpgradeCheck = 0500;
			};
			buildConfigurationList = 32D531E617D4877E00BE1040 /* Build configuration list for PBXProject "data_import" */;
			compatibilityVersion = "Xcode 3.2";
			developmentRegion = English;
			hasScannedForEncodings = 0;
			knownRegions = (
				en,
			);
			mainGroup = 32D531E217D4877E00BE1040;
			productRefGroup = 32C9764B17D4955400F76D3F /* Products */;
			projectDirPath = "";
			projectRoot = "";
			targets = (
				32C9764917D4955400F76D3F /* data_import */,
			);
		};
/* End PBXProject section */

/* Begin PBXSourcesBuildPhase section */
		32C9764617D4955400F76D3F /* Sources */ = {
			isa = PBXSourcesBuildPhase;
			buildActionMask = 2147483647;
			files = (
				32560F5E1A9DDD3E00C92485 /* DataImportDriverInterface.cpp in Sources */,
				32A40D4E1A9DDB0B000D9A35 /* DataImport.cpp in Sources */,
				32560F621A9DE2D800C92485 /* MemcachedDataImporterDriver.cpp in Sources */,
				32FB20021A2E365400307A86 /* main.cpp in Sources */,
				32A40D4F1A9DDB0B000D9A35 /* AbstractDataImportDriver.cpp in Sources */,
			);
			runOnlyForDeploymentPostprocessing = 0;
		};
/* End PBXSourcesBuildPhase section */

/* Begin XCBuildConfiguration section */
		32C9765217D4955400F76D3F /* Debug */ = {
			isa = XCBuildConfiguration;
			buildSettings = {
				ALWAYS_SEARCH_USER_PATHS = NO;
				CLANG_CXX_LANGUAGE_STANDARD = "compiler-default";
				CLANG_CXX_LIBRARY = "libstdc++";
				CLANG_ENABLE_MODULES = YES;
				CLANG_ENABLE_OBJC_ARC = YES;
				CLANG_WARN_BOOL_CONVERSION = YES;
				CLANG_WARN_CONSTANT_CONVERSION = YES;
				CLANG_WARN_DIRECT_OBJC_ISA_USAGE = YES_ERROR;
				CLANG_WARN_EMPTY_BODY = YES;
				CLANG_WARN_ENUM_CONVERSION = YES;
				CLANG_WARN_INT_CONVERSION = YES;
				CLANG_WARN_OBJC_ROOT_CLASS = YES_ERROR;
				CLANG_WARN__DUPLICATE_METHOD_MATCH = YES;
				CONFIGURATION_BUILD_DIR = "$(SRCROOT)/../../usr/local/bin";
				COPY_PHASE_STRIP = NO;
				GCC_C_LANGUAGE_STANDARD = gnu99;
				GCC_DYNAMIC_NO_PIC = NO;
				GCC_OPTIMIZATION_LEVEL = 0;
				GCC_PREPROCESSOR_DEFINITIONS = (
					"DEBUG=1",
					"$(inherited)",
					BOOST_ALL_DYN_LINK,
				);
				GCC_SYMBOLS_PRIVATE_EXTERN = NO;
				GCC_WARN_ABOUT_RETURN_TYPE = YES_ERROR;
				GCC_WARN_UNDECLARED_SELECTOR = YES;
				GCC_WARN_UNINITIALIZED_AUTOS = YES;
				GCC_WARN_UNUSED_FUNCTION = YES;
				GCC_WARN_UNUSED_VARIABLE = YES;
				HEADER_SEARCH_PATHS = (
					"$(SRCROOT)/../../",
					"$(SRCROOT)/../../usr/local/include",
				);
				LIBRARY_SEARCH_PATHS = "$(SRCROOT)/../../usr/local/lib";
				OTHER_LDFLAGS = (
					"-lboost_chrono",
					"-lmemcached",
					"-lboost_system",
					"-lboost_thread",
					"-lboost_program_options",
					"-lboost_regex",
					"-lboost_filesystem",
					"-lboost_log",
					"-lboost_log_setup",
					"-lchaos_cutoolkit",
					"-lchaos_common",
					"-ljsoncpp",
				);
				PRODUCT_NAME = data_import;
			};
			name = Debug;
		};
		32C9765317D4955400F76D3F /* Release */ = {
			isa = XCBuildConfiguration;
			buildSettings = {
				ALWAYS_SEARCH_USER_PATHS = NO;
				CLANG_CXX_LANGUAGE_STANDARD = "gnu++0x";
				CLANG_CXX_LIBRARY = "compiler-default";
				CLANG_ENABLE_MODULES = YES;
				CLANG_ENABLE_OBJC_ARC = YES;
				CLANG_WARN_BOOL_CONVERSION = YES;
				CLANG_WARN_CONSTANT_CONVERSION = YES;
				CLANG_WARN_DIRECT_OBJC_ISA_USAGE = YES_ERROR;
				CLANG_WARN_EMPTY_BODY = YES;
				CLANG_WARN_ENUM_CONVERSION = YES;
				CLANG_WARN_INT_CONVERSION = YES;
				CLANG_WARN_OBJC_ROOT_CLASS = YES_ERROR;
				CLANG_WARN__DUPLICATE_METHOD_MATCH = YES;
				CONFIGURATION_BUILD_DIR = "$(SRCROOT)/../../usr/local/bin";
				COPY_PHASE_STRIP = YES;
				ENABLE_NS_ASSERTIONS = NO;
				GCC_C_LANGUAGE_STANDARD = gnu99;
				GCC_PREPROCESSOR_DEFINITIONS = BOOST_ALL_DYN_LINK;
				GCC_WARN_ABOUT_RETURN_TYPE = YES_ERROR;
				GCC_WARN_UNDECLARED_SELECTOR = YES;
				GCC_WARN_UNINITIALIZED_AUTOS = YES;
				GCC_WARN_UNUSED_FUNCTION = YES;
				GCC_WARN_UNUSED_VARIABLE = YES;
				HEADER_SEARCH_PATHS = (
					"$(SRCROOT)/../../",
					"$(SRCROOT)/../../usr/local/include",
				);
				LIBRARY_SEARCH_PATHS = "$(SRCROOT)/../../usr/local/lib";
				OTHER_LDFLAGS = (
					"-lboost_chrono",
					"-lmemcached",
					"-lboost_system",
					"-lboost_thread",
					"-lboost_program_options",
					"-lboost_regex",
					"-lboost_filesystem",
					"-lboost_log",
					"-lboost_log_setup",
					"-lchaos_cutoolkit",
					"-lchaos_common",
					"-ljsoncpp",
				);
				PRODUCT_NAME = data_import;
			};
			name = Release;
		};
		32D531EE17D4877E00BE1040 /* Debug */ = {
			isa = XCBuildConfiguration;
			buildSettings = {
				ARCHS = "$(ARCHS_STANDARD_64_BIT)";
				GCC_ENABLE_OBJC_EXCEPTIONS = YES;
				GCC_WARN_64_TO_32_BIT_CONVERSION = YES;
				HEADER_SEARCH_PATHS = (
					"$(inherited)",
					/Applications/Xcode.app/Contents/Developer/Toolchains/XcodeDefault.xctoolchain/usr/include,
					"$(SRCROOT)/../../",
				);
				MACOSX_DEPLOYMENT_TARGET = 10.8;
				ONLY_ACTIVE_ARCH = YES;
				SDKROOT = macosx;
			};
			name = Debug;
		};
		32D531EF17D4877E00BE1040 /* Release */ = {
			isa = XCBuildConfiguration;
			buildSettings = {
				ARCHS = "$(ARCHS_STANDARD_64_BIT)";
				DEBUG_INFORMATION_FORMAT = "dwarf-with-dsym";
				GCC_ENABLE_OBJC_EXCEPTIONS = YES;
				GCC_WARN_64_TO_32_BIT_CONVERSION = YES;
				HEADER_SEARCH_PATHS = (
					"$(inherited)",
					/Applications/Xcode.app/Contents/Developer/Toolchains/XcodeDefault.xctoolchain/usr/include,
					"$(SRCROOT)/../../",
				);
				MACOSX_DEPLOYMENT_TARGET = 10.8;
				SDKROOT = macosx;
			};
			name = Release;
		};
/* End XCBuildConfiguration section */

/* Begin XCConfigurationList section */
		32C9765117D4955400F76D3F /* Build configuration list for PBXNativeTarget "data_import" */ = {
			isa = XCConfigurationList;
			buildConfigurations = (
				32C9765217D4955400F76D3F /* Debug */,
				32C9765317D4955400F76D3F /* Release */,
			);
			defaultConfigurationIsVisible = 0;
			defaultConfigurationName = Release;
		};
		32D531E617D4877E00BE1040 /* Build configuration list for PBXProject "data_import" */ = {
			isa = XCConfigurationList;
			buildConfigurations = (
				32D531EE17D4877E00BE1040 /* Debug */,
				32D531EF17D4877E00BE1040 /* Release */,
			);
			defaultConfigurationIsVisible = 0;
			defaultConfigurationName = Release;
		};
/* End XCConfigurationList section */
	};
	rootObject = 32D531E317D4877E00BE1040 /* Project object */;
}
